{
    "_meta": {
        "hash": {
            "sha256": "3099611a934570ffecf34b64b2cbc477cc3549633aee2ce65ecf4eea3a7ea888"
        },
        "pipfile-spec": 6,
        "requires": {
            "python_version": "3"
        },
        "sources": [
            {
                "url": "https://pypi.python.org/simple",
                "verify_ssl": true
            }
        ]
    },
    "default": {
        "boto3": {
            "hashes": [
                "sha256:13afcc5e2fcc5e4f9eab1ee46a769cf738a259dcd45f71ee79255f18973e4584",
                "sha256:a715ca6c4457d56ea3e3efde9bdc8be41c29b2f2a904fbd12befdb9cb5e289e4"
            ],
            "version": "==1.17.88"
        },
        "boto3-type-annotations": {
            "hashes": [
                "sha256:52e007ac2ab792abee42aaac3019c2acc9781a84e79e1283a5bc64164225435e",
                "sha256:e5682093d035e935c8189f24c601ef6eaccedfcd1e642ba7922429d093b1b885"
            ],
            "version": "==0.3.1"
        },
        "botocore": {
            "hashes": [
                "sha256:bc989edab52d4788aadd8d1aff925f5c6a7cbc68900bfdb8e379965aeac17317",
                "sha256:be3cb73fab60a2349e2932bd0cbbe7e7736e3a2cd8c05b539d362ff3e406be76"
            ],
            "version": "==1.20.88"
        },
        "dictdiffer": {
            "hashes": [
                "sha256:1adec0d67cdf6166bda96ae2934ddb5e54433998ceab63c984574d187cc563d2",
                "sha256:d79d9a39e459fe33497c858470ca0d2e93cb96621751de06d631856adfd9c390"
            ],
            "version": "==0.8.1"
        },
        "jmespath": {
            "hashes": [
                "sha256:b85d0567b8666149a93172712e68920734333c0ce7e89b78b3e987f71e5ed4f9",
                "sha256:cdf6525904cc597730141d61b36f2e4b8ecc257c420fa2f4549bac2c2d0cb72f"
            ],
            "version": "==0.10.0"
        },
        "mypy-boto3": {
            "hashes": [
                "sha256:826fefa1571912992e94cc5c9e323e9e6406a5daf3ff5ff0936516743066d301",
                "sha256:c6a4ac27fd0442762c05b5a8178aa47014aacb50b10d29499dba0831524287ba"
            ],
            "version": "==1.17.88"
        },
        "python-dateutil": {
            "hashes": [
                "sha256:73ebfe9dbf22e832286dafa60473e4cd239f8592f699aa5adaf10050e6e1823c",
                "sha256:75bb3f31ea686f1197762692a9ee6a7550b59fc6ca3a1f4b5d7e32fb98e2da2a"
            ],
            "version": "==2.8.1"
        },
        "s3transfer": {
            "hashes": [
                "sha256:9b3752887a2880690ce628bc263d6d13a3864083aeacff4890c1c9839a5eb0bc",
                "sha256:cb022f4b16551edebbb31a377d3f09600dbada7363d8c5db7976e7f47732e1b2"
            ],
            "version": "==0.4.2"
        },
        "six": {
            "hashes": [
                "sha256:1e61c37477a1626458e36f7b1d82aa5c9b094fa4802892072e49de9c60c4c926",
                "sha256:8abb2f1d86890a2dfb989f9a77cfcfd3e47c2a354b01111771326f8aa26e0254"
            ],
            "version": "==1.16.0"
        },
        "urllib3": {
            "hashes": [
                "sha256:753a0374df26658f99d826cfe40394a686d05985786d946fbe4165b5148f5a7c",
                "sha256:a7acd0977125325f516bda9735fa7142b909a8d01e8b2e4c8108d0984e6e0098"
            ],
            "version": "==1.26.5"
        }
    },
    "develop": {
        "attrs": {
            "hashes": [
                "sha256:31b2eced602aa8423c2aea9c76a724617ed67cf9513173fd3a4f03e3a929c7e6",
                "sha256:832aa3cde19744e49938b91fea06d69ecb9e649c93ba974535d08ad92164f700"
            ],
            "version": "==20.3.0"
        },
        "aws-cdk.assets": {
            "hashes": [
                "sha256:3d749f750119ac79c91d60c22b22a56a4fc1aeda3ab564f439e9f63c12500d86",
                "sha256:4087ee169093bd7ffe005271b37c93f61a917b6026a5403683c7e88ac901f520"
            ],
            "version": "==1.107.0"
        },
        "aws-cdk.aws-apigateway": {
            "hashes": [
                "sha256:0ddecefa5344fcfcbf6610f8f6f8061463d301f69ac947d9ab011418af2a2d3d",
                "sha256:d60ed37cd8d197fb6dd35763e78a2ed2bf33b83fdc60307c0800791b1e3a93f3"
            ],
            "version": "==1.107.0"
        },
        "aws-cdk.aws-applicationautoscaling": {
            "hashes": [
                "sha256:506ddc93954a007343fe0b338e30914f024f2cc66dba73012e6bd2df5b7c1fcc",
                "sha256:715ffb96b46cee481101476fabcacc4fe7512056372147bf99596291576284d8"
            ],
            "version": "==1.107.0"
        },
        "aws-cdk.aws-autoscaling": {
            "hashes": [
                "sha256:313fcd4432a4a857d6699083a58bf55926df4bfa479965eaa4e4f0b6ec0b5e96",
                "sha256:8b5032bbbcffaa50094bebbc8d7de8ae74532b6d89adf3647368aaa422c9d812"
            ],
            "version": "==1.107.0"
        },
        "aws-cdk.aws-autoscaling-common": {
            "hashes": [
                "sha256:af2666b6bae8874f269599c61fa08f9598e3253df322562cbf9c0d094088718b",
                "sha256:cbf649462070241b6bfcb9292b7b4a4b19cffc89ea5213acd7093a3046b6bb3a"
            ],
            "version": "==1.107.0"
        },
        "aws-cdk.aws-autoscaling-hooktargets": {
            "hashes": [
                "sha256:134e39e759496cbb55db58b67479788d8a825f525a57dfcf13093f2351094fac",
                "sha256:c2e3145aecaa9d6ccd469f787d72e9abcf5aa6d0aeab5624d319ba002dd4604b"
            ],
            "version": "==1.107.0"
        },
        "aws-cdk.aws-certificatemanager": {
            "hashes": [
                "sha256:3ff782edf2f8ec0a1a54dcc17217ff7698bd07b476f18c256902cd5942b82820",
                "sha256:74f4f3b2c2cbeb9e18735d7c8434daf73c74b7ff461265a30ebde072fd08b7b5"
            ],
            "version": "==1.107.0"
        },
        "aws-cdk.aws-cloudformation": {
            "hashes": [
                "sha256:07901b4570c36d59496acbfb384a9c67d6d09e252a97812f718567a5fa634544",
                "sha256:a0a72fab019c385cee1cd82f2101d96d563b79d9a1649c0ae734d31621b6a733"
            ],
            "version": "==1.107.0"
        },
        "aws-cdk.aws-cloudfront": {
            "hashes": [
                "sha256:abb954d3c0871f0694f178e5176e04e4981839bb4190eb21dad925bfc05f7bbd",
                "sha256:df9455cbc7f2db2bfec895813321f49c6d0c54b07c1f21d4fbe6877805f8a8fe"
            ],
            "version": "==1.107.0"
        },
        "aws-cdk.aws-cloudwatch": {
            "hashes": [
                "sha256:9801093213d1eb4cdd9417582d4a181f582e9d8c96ecf01867ff5f0941f07cf3",
                "sha256:b6f49211c93800be85e8a53d8f0c1dacccc3295e7754fb740c7097ec6a0f4738"
            ],
            "version": "==1.107.0"
        },
        "aws-cdk.aws-codebuild": {
            "hashes": [
                "sha256:0d4082339739c32e6e0fcd0b7dbea755090584493a8ca92aef61548e1fb4974a",
                "sha256:276428b57b9637eb24f9169f2e03a8ba39ec535217fad50bce1929fa32a24c28"
            ],
            "version": "==1.107.0"
        },
        "aws-cdk.aws-codecommit": {
            "hashes": [
                "sha256:c818bb69e2991847e53653e9fb39a74ecd6f81f74bbd449f6a2b147bef8bdc61",
                "sha256:f5093b0ae0d0b172f7a498ad8d4a564a7c07abbdb1d652e301f63691a69b1a54"
            ],
            "version": "==1.107.0"
        },
        "aws-cdk.aws-codeguruprofiler": {
            "hashes": [
                "sha256:71aec9ab85fc0a267473eb508c59cc8b6fc47c308921bf4fa32256cb30a42320",
                "sha256:c643985a8989cdd3309c33e4998c88de54672722c95e812c308eec07077dd1e1"
            ],
            "version": "==1.107.0"
        },
        "aws-cdk.aws-codepipeline": {
            "hashes": [
                "sha256:24c9902d474f2c9cc25969325a902b5ff83aca43d8991b38957cfa12eb316cb9",
                "sha256:993287a0ed8f9e3f54f6541ec52914403a4f37fe4f1d98b632c869293619eab8"
            ],
            "version": "==1.107.0"
        },
        "aws-cdk.aws-cognito": {
            "hashes": [
                "sha256:6c18221eb48b6fc2397a070d5290c0751c0d623a5f2943627d71464776490df6",
                "sha256:95ff0134a37ce0c8a18ce3df50d0b1424096473db754728b916496dfe3cdaeae"
            ],
            "version": "==1.107.0"
        },
        "aws-cdk.aws-ec2": {
            "hashes": [
                "sha256:21055ea31123af07700052624c1330937842f2384e7bf1f455dda58dc5517b35",
                "sha256:46ce69332fe9d08dc52df4506fd043ff4f604ef29b8ec75d9f1aace852464d7e"
            ],
            "version": "==1.107.0"
        },
        "aws-cdk.aws-ecr": {
            "hashes": [
                "sha256:2d97d078eff936e838602c55d5801b3f3123543588742d35341a5c2f76f3450d",
                "sha256:c982a0f977b95cc68846d95c598b6257eb3c238886dab288632b4efaff0c6d01"
            ],
            "version": "==1.107.0"
        },
        "aws-cdk.aws-ecr-assets": {
            "hashes": [
                "sha256:48f825dc59b3691fe87c15f5bdbebab40dba4c5218d6a2813b6d607fb3c80377",
                "sha256:50469fdd7d33c957d8286aab3db6b5af531b763ab4fdd610ea0be83cfe1af810"
            ],
            "version": "==1.107.0"
        },
        "aws-cdk.aws-ecs": {
            "hashes": [
                "sha256:c35e4e918814a9e21698d37c1e78e1856e4d352b74566a9c3f9b127d75c6b561",
                "sha256:d9ebdafa886760184e8b804814159883e9a185f1676c6b7c962f84b1915655fa"
            ],
            "version": "==1.107.0"
        },
        "aws-cdk.aws-ecs-patterns": {
            "hashes": [
                "sha256:9572b38904e9d8a39c7f833c0a10aaca45433e6e89f7ae6623bc78356a99b21d",
                "sha256:ce080091033c9ff5ba99c454065b90883ee2fd9c54b2764d2face1781a0c74f4"
            ],
            "version": "==1.107.0"
        },
        "aws-cdk.aws-efs": {
            "hashes": [
                "sha256:219ab8829e9fd8f5a0bc78e7f337f9222a200e792575c7fe673e1d5be462debf",
                "sha256:de5a9b859ec03899205a04fbe256345baf6e8a6b1f8a7722d0d7cd8a855bb53e"
            ],
            "version": "==1.107.0"
        },
        "aws-cdk.aws-elasticloadbalancing": {
            "hashes": [
                "sha256:04f4dfa01a1159f79aae50a7c9baa43a5fedd319c79ef233adc4a03241c894e2",
                "sha256:51fcf204aff58f2e01d6576379d81506abe0bb24a1589a70e118461031961dac"
            ],
            "version": "==1.107.0"
        },
        "aws-cdk.aws-elasticloadbalancingv2": {
            "hashes": [
                "sha256:b7b21aad53619ffcd1472b9e907a240ac0425670b1199947f6cbc42f5091a9d1",
                "sha256:d9586448a00fae7122d427b873c91b5a0d919761b8385a055f27fe92e6d21ea3"
            ],
            "version": "==1.107.0"
        },
        "aws-cdk.aws-events": {
            "hashes": [
                "sha256:2197f3a13a986406ba41b5f398bb2d120ed317a8e88c16041dc37380cba94b55",
                "sha256:d9c7b1d5fc54b89ccf433949d26684e5976551dac4641b601e7f28c18adb694b"
            ],
            "version": "==1.107.0"
        },
        "aws-cdk.aws-events-targets": {
            "hashes": [
                "sha256:5e529ebc1934f0d672d8045aa617302509d80a2dae8a043d74a9186bcf8a8151",
                "sha256:82850bbca9275c2159e2740fa2bec1c4c6808792b21bfec57b5e08f484c7209b"
            ],
            "version": "==1.107.0"
        },
        "aws-cdk.aws-globalaccelerator": {
            "hashes": [
                "sha256:60a1af74d88c005ad64a99c557045935ee5e6c24670e75c99928ac10d3e172d6",
                "sha256:c5ef7813884053cd4a8d9f00363cdc3c492bec6741d7d71c670fac58153f9cd7"
            ],
            "version": "==1.107.0"
        },
        "aws-cdk.aws-iam": {
            "hashes": [
                "sha256:2ac3bb79f1c28311576eb9d472cfbd6106937d4895c4320e179a7e0f29a44732",
                "sha256:728ec697f2ab3c5501e833640ab8a4dd2c31957478ffa3aea211671709d033a9"
            ],
            "version": "==1.107.0"
        },
        "aws-cdk.aws-kinesis": {
            "hashes": [
                "sha256:3ad12181bbf6b70905d8b676f4f72eb7270e471a5ee38c9d45f16cbd224d9db5",
                "sha256:915f99ac0b3f7f92662ce1ebcc1d9279565f606e537eb24a21d6657d58e8e781"
            ],
            "version": "==1.107.0"
        },
        "aws-cdk.aws-kinesisfirehose": {
            "hashes": [
                "sha256:364d952cf8f84e6e69874b309a7a85c1f0521560cc01e7ad0573063c289d95fc",
                "sha256:8ec0c4352eba1c7c8614ea3cab608abfc21f26c2e5cf513bad14222606a62a01"
            ],
            "version": "==1.107.0"
        },
        "aws-cdk.aws-kms": {
            "hashes": [
                "sha256:61241e1db0b73a57ea20147c529d6fc8df70cae9a3f1c4e74457ef4053ee4372",
                "sha256:8911a83bf5b54b6c8a998a39bc98aeb60b5e58c5debd2d2ac2f2327d4eae536f"
            ],
            "version": "==1.107.0"
        },
        "aws-cdk.aws-lambda": {
            "hashes": [
                "sha256:805641bb2100dfcffb631bf26af39e293fff6dd242cd48e0e88bef6973e4b707",
                "sha256:ac22771462498895bca647649df53af154437a4034dd1e98aceca99e3cfc3885"
            ],
            "version": "==1.107.0"
        },
        "aws-cdk.aws-logs": {
            "hashes": [
                "sha256:2006283216172f9ab2c743f8d70ad7c5cf3ad9ffc83cc9c85118ef1e0842ac98",
                "sha256:b53c9bd79ead7c2c749a2108bebd66ea262bb3a000e8c0c2f9c9788d7b1f0609"
            ],
            "version": "==1.107.0"
        },
        "aws-cdk.aws-route53": {
            "hashes": [
                "sha256:6e1f103a61f99a487e41a3028ebf996209025f9b135f06d3cffd82aef9d7256e",
                "sha256:7ef61e02f1d89b7a2ead87aa03ea08af14d1ee0f3439315c8f6e57a5fc64db9f"
            ],
            "version": "==1.107.0"
        },
        "aws-cdk.aws-route53-targets": {
            "hashes": [
                "sha256:7092f8b4dccce4a6910718d1276b7ac5e1a8e4f020d072c9029340e57efed01f",
                "sha256:d3a2a8ab1a05d33f43890af652e5bd37a3a30871f6604093f979b9f8c5ea8233"
            ],
            "version": "==1.107.0"
        },
        "aws-cdk.aws-s3": {
            "hashes": [
                "sha256:10296498e47ac0f9f0885b93ea74cdae5a3f21f6a2729760b087fdea3f1e9ac3",
                "sha256:447e77211a974aaef3ee7dd191e0d5ccfbbc82bea33e711a37486e8f1fad3c1b"
            ],
            "version": "==1.107.0"
        },
        "aws-cdk.aws-s3-assets": {
            "hashes": [
                "sha256:0df0d7ba4053099d885157c9391a3c11c2c981cad347d1a0c926689079a6f24e",
                "sha256:6128b58c8bacf79bb0d1a7af8ac6287daf2dec0ff614dd9e0ff68e79e067cd01"
            ],
            "version": "==1.107.0"
        },
        "aws-cdk.aws-sam": {
            "hashes": [
                "sha256:69afdc02a8c9598b43e7d7950bb45fdcb929a52925b968118e9b7fac88e1302f",
                "sha256:b88fd1cc85e8de39dc1bb01b100e614f7d69fa860e0af125803dc5cac4bbeae6"
            ],
            "version": "==1.107.0"
        },
        "aws-cdk.aws-secretsmanager": {
            "hashes": [
                "sha256:0e505c75b95f93310444baf1aa383d6db80d704b91c0fbaea32fb58a8460711d",
                "sha256:f0be875912f0b6c9b4f1617b3a5c36f93164158e26355756cca9e51212b4afc4"
            ],
            "version": "==1.107.0"
        },
        "aws-cdk.aws-servicediscovery": {
            "hashes": [
                "sha256:4e03528e2f0f6fecd446d080f5bf82dd9ef85a768fed5c6dac3f745cb7635406",
                "sha256:c096b1213d7a88700255c9e974aa12ce386d2fc86998095d5715218b29d24222"
            ],
            "version": "==1.107.0"
        },
        "aws-cdk.aws-signer": {
            "hashes": [
                "sha256:14ffad4da0f00409a7cd712a7d9c335f4f59e0bf792f561ddfdca9ee2bbad90f",
                "sha256:d50eb66c55dd98cfb828008f301a3a620572bdeae02843903a498e516078a781"
            ],
            "version": "==1.107.0"
        },
        "aws-cdk.aws-sns": {
            "hashes": [
                "sha256:403ee1ae95669a102ba5507537deb075eeb1482252e51b927844a49bd26603e3",
                "sha256:e0ef684c8d1251b6a7f792bf45f9fb86f1f40d6838dcd72cc2663df94dd6f518"
            ],
            "version": "==1.107.0"
        },
        "aws-cdk.aws-sns-subscriptions": {
            "hashes": [
                "sha256:363316573c4ef05345a945ec4ffc8548416b733130d40862294c5b15e141e9d2",
                "sha256:68967954f97e2391a777640b90af371b78dc0fb6389d98586e345931dccc243a"
            ],
            "version": "==1.107.0"
        },
        "aws-cdk.aws-sqs": {
            "hashes": [
                "sha256:3a374e04441f5833a15fc1fe18d65fd1d5524a5af14f1977391922d5fe834826",
                "sha256:e145b1b6b328fb2675855ecb545012ba6a800b6a2c96dab93bc7f47a03026520"
            ],
            "version": "==1.107.0"
        },
        "aws-cdk.aws-ssm": {
            "hashes": [
                "sha256:1b963c5a7e98b5b71b1240bb61fce6e2ff54fcd3f2ad7997d154f4909567392a",
                "sha256:fc7fba469b4654c0ec646abad9355ccbe1b16df9fe9e7be2beb62d1f4f249ff1"
            ],
            "version": "==1.107.0"
        },
        "aws-cdk.aws-stepfunctions": {
            "hashes": [
                "sha256:14467bc566410d1d32309344933cd79d8e9ffa9e966bf0270902eeea17095a05",
                "sha256:deee33c400385a68bed76c5eb9c5578a46528f325ecabf3c7e94c87ea4b2021f"
            ],
            "version": "==1.107.0"
        },
        "aws-cdk.cloud-assembly-schema": {
            "hashes": [
                "sha256:0e1ae3b3c3f713901fecc1cbfe6c71cb87271ee5abf17f624996b94a1d83d519",
                "sha256:e0d8b4a71fb553144ef5a8a40edca267dca5afa4113776be492e9e03b7fb4ab4"
            ],
            "version": "==1.107.0"
        },
        "aws-cdk.core": {
            "hashes": [
                "sha256:14f44180f8c4e656c46f020a9231452ae834dd13a051a0214affd44fb46f3b62",
                "sha256:93c36306125de0d8632d2ea3c1bce197e42c02e0d860d7e47d4695c22a643ef6"
            ],
            "version": "==1.107.0"
        },
        "aws-cdk.custom-resources": {
            "hashes": [
                "sha256:436773996b7c3e64a8fb9c0bdbe65e23814a514bbb1b0a859c01499a9d02a2b8",
                "sha256:6ad71e607edd34c894dacbce9564a2824b3981398cd4f8d22798c9042f445543"
            ],
            "version": "==1.107.0"
        },
        "aws-cdk.cx-api": {
            "hashes": [
                "sha256:60c7233a06434a3be21b4db64448017fef820ebd359bc7f30c4bd55ad4a8b9c7",
                "sha256:bddb14594814883f8d96099fa65bd981a0fcee369b7e4c8d0749c1389d51ad8d"
            ],
            "version": "==1.107.0"
        },
        "aws-cdk.region-info": {
            "hashes": [
                "sha256:77d8e2647915f865d8694a7ca46b1772e931fdd13f8dd88861f9e6cdea4ddc44",
                "sha256:f4162b64542d8a3aa02fcfa68986e9b81a6260163ad3dbfcebe1ec5e0204de74"
            ],
            "version": "==1.107.0"
        },
        "cattrs": {
            "hashes": [
                "sha256:277d12740b45e46318b41c3b2e4a3bc067a7b9971cf61f0e96497598ad83f282",
                "sha256:a6233d0ce33d48ac71ef818f8e0b9309a89496b359994c4dfe9ad211c1f6d0a3"
            ],
            "markers": "python_version >= '3.7'",
            "version": "==1.5.0"
        },
        "constructs": {
            "hashes": [
                "sha256:24f9c40a54e66eba22f8e020d7b8efa2f7df415219225f934f217c575afdd8c9",
                "sha256:a4ebf536b74a805bb9277d507c6d355f8b8421ced7879d2186b6464c53fe9496"
            ],
            "version": "==3.3.75"
        },
        "jsii": {
            "hashes": [
                "sha256:4a2002b920e19df3c13119bc525979bfe1ae6a8c0ccf7617a5a966b1ccd66fd6",
                "sha256:800042650b6436eb37b5ea905937f0c4cfc8863d439477a7b00d8d189b65c622"
            ],
            "version": "==1.30.0"
        },
        "jupyter-ecs-service": {
            "editable": true,
            "path": "cdk"
        },
        "publication": {
            "hashes": [
                "sha256:0248885351febc11d8a1098d5c8e3ab2dabcf3e8c0c96db1e17ecd12b53afbe6",
                "sha256:68416a0de76dddcdd2930d1c8ef853a743cc96c82416c4e4d3b5d901c6276dc4"
            ],
            "version": "==0.0.3"
        },
        "python-dateutil": {
            "hashes": [
                "sha256:73ebfe9dbf22e832286dafa60473e4cd239f8592f699aa5adaf10050e6e1823c",
                "sha256:75bb3f31ea686f1197762692a9ee6a7550b59fc6ca3a1f4b5d7e32fb98e2da2a"
            ],
            "version": "==2.8.1"
        },
        "pyyaml": {
            "hashes": [
                "sha256:08682f6b72c722394747bddaf0aa62277e02557c0fd1c42cb853016a38f8dedf",
                "sha256:0f5f5786c0e09baddcd8b4b45f20a7b5d61a7e7e99846e3c799b05c7c53fa696",
                "sha256:129def1b7c1bf22faffd67b8f3724645203b79d8f4cc81f674654d9902cb4393",
                "sha256:294db365efa064d00b8d1ef65d8ea2c3426ac366c0c4368d930bf1c5fb497f77",
                "sha256:3b2b1824fe7112845700f815ff6a489360226a5609b96ec2190a45e62a9fc922",
                "sha256:3bd0e463264cf257d1ffd2e40223b197271046d09dadf73a0fe82b9c1fc385a5",
                "sha256:4465124ef1b18d9ace298060f4eccc64b0850899ac4ac53294547536533800c8",
                "sha256:49d4cdd9065b9b6e206d0595fee27a96b5dd22618e7520c33204a4a3239d5b10",
                "sha256:4e0583d24c881e14342eaf4ec5fbc97f934b999a6828693a99157fde912540cc",
                "sha256:5accb17103e43963b80e6f837831f38d314a0495500067cb25afab2e8d7a4018",
                "sha256:607774cbba28732bfa802b54baa7484215f530991055bb562efbed5b2f20a45e",
                "sha256:6c78645d400265a062508ae399b60b8c167bf003db364ecb26dcab2bda048253",
                "sha256:72a01f726a9c7851ca9bfad6fd09ca4e090a023c00945ea05ba1638c09dc3347",
                "sha256:74c1485f7707cf707a7aef42ef6322b8f97921bd89be2ab6317fd782c2d53183",
                "sha256:895f61ef02e8fed38159bb70f7e100e00f471eae2bc838cd0f4ebb21e28f8541",
                "sha256:8c1be557ee92a20f184922c7b6424e8ab6691788e6d86137c5d93c1a6ec1b8fb",
                "sha256:bb4191dfc9306777bc594117aee052446b3fa88737cd13b7188d0e7aa8162185",
                "sha256:bfb51918d4ff3d77c1c856a9699f8492c612cde32fd3bcd344af9be34999bfdc",
                "sha256:c20cfa2d49991c8b4147af39859b167664f2ad4561704ee74c1de03318e898db",
                "sha256:cb333c16912324fd5f769fff6bc5de372e9e7a202247b48870bc251ed40239aa",
                "sha256:d2d9808ea7b4af864f35ea216be506ecec180628aced0704e34aca0b040ffe46",
                "sha256:d483ad4e639292c90170eb6f7783ad19490e7a8defb3e46f97dfe4bacae89122",
                "sha256:dd5de0646207f053eb0d6c74ae45ba98c3395a571a2891858e87df7c9b9bd51b",
                "sha256:e1d4970ea66be07ae37a3c2e48b5ec63f7ba6804bdddfdbd3cfd954d25a82e63",
                "sha256:e4fac90784481d221a8e4b1162afa7c47ed953be40d31ab4629ae917510051df",
                "sha256:fa5ae20527d8e831e8230cbffd9f8fe952815b2b7dae6ffec25318803a7528fc",
                "sha256:fd7f6999a8070df521b6384004ef42833b9bd62cfee11a09bda1079b4b704247",
                "sha256:fdc842473cd33f45ff6bce46aea678a54e3d21f1b61a7750ce3c498eedfe25d6",
                "sha256:fe69978f3f768926cfa37b867e3843918e012cf83f680806599ddce33c2c68b0"
            ],
            "version": "==5.4.1"
        },
        "six": {
            "hashes": [
                "sha256:1e61c37477a1626458e36f7b1d82aa5c9b094fa4802892072e49de9c60c4c926",
                "sha256:8abb2f1d86890a2dfb989f9a77cfcfd3e47c2a354b01111771326f8aa26e0254"
            ],
            "version": "==1.16.0"
        },
        "typing-extensions": {
            "hashes": [
                "sha256:0ac0f89795dd19de6b97debb0c6af1c70987fd80a2d62d1958f7e56fcc31b497",
                "sha256:50b6f157849174217d0656f99dc82fe932884fb250826c18350e159ec6cdf342",
                "sha256:779383f6086d90c99ae41cf0ff39aac8a7937a9283ce0a414e5dd782f4c94a84"
            ],
            "version": "==3.10.0.0"
        }
    }
}
